PODS:
  - boost (1.76.0)
  - DoubleConversion (1.1.6)
  - EXApplication (4.2.2):
    - ExpoModulesCore
  - EXAV (12.0.4):
    - ExpoModulesCore
    - React-runtimeexecutor
    - ReactCommon
  - EXBackgroundFetch (10.3.0):
    - ExpoModulesCore
  - EXBarCodeScanner (11.5.0):
    - EXImageLoader
    - ExpoModulesCore
    - ZXingObjC/OneD
    - ZXingObjC/PDF417
  - EXCamera (12.5.0):
    - ExpoModulesCore
  - EXConstants (13.2.4):
    - ExpoModulesCore
  - EXDocumentPicker (10.3.0):
    - ExpoModulesCore
  - EXErrorRecovery (3.2.0):
    - ExpoModulesCore
  - EXFileSystem (14.1.0):
    - ExpoModulesCore
  - EXFont (10.2.1):
    - ExpoModulesCore
  - EXImageLoader (3.2.0):
    - ExpoModulesCore
    - React-Core
  - EXLocalAuthentication (12.3.0):
    - ExpoModulesCore
  - EXNotifications (0.16.1):
    - ExpoModulesCore
  - EXPermissions (13.2.0):
    - ExpoModulesCore
  - Expo (46.0.21):
    - ExpoModulesCore
  - ExpoClipboard (3.1.0):
    - ExpoModulesCore
  - ExpoKeepAwake (10.2.1):
    - ExpoModulesCore
  - ExpoLinearGradient (11.4.0):
    - ExpoModulesCore
  - ExpoLocalization (13.1.0):
    - ExpoModulesCore
  - ExpoModulesCore (0.11.10):
    - React-Core
    - ReactCommon/turbomodule/core
  - ExpoWebBrowser (11.0.0):
    - ExpoModulesCore
  - EXSecureStore (11.3.0):
    - ExpoModulesCore
  - EXSharing (10.3.0):
    - ExpoModulesCore
  - EXSplashScreen (0.16.2):
    - ExpoModulesCore
    - React-Core
  - EXTaskManager (10.3.0):
    - ExpoModulesCore
    - UMAppLoader
  - FBLazyVector (0.69.9)
  - FBReactNativeSpec (0.69.9):
    - RCT-Folly (= 2021.06.28.00-v2)
    - RCTRequired (= 0.69.9)
    - RCTTypeSafety (= 0.69.9)
    - React-Core (= 0.69.9)
    - React-jsi (= 0.69.9)
    - ReactCommon/turbomodule/core (= 0.69.9)
  - fmt (6.2.1)
  - glog (0.3.5)
  - lottie-ios (3.2.3)
  - lottie-react-native (5.1.3):
    - lottie-ios (~> 3.2.3)
    - React-Core
  - RCT-Folly (2021.06.28.00-v2):
    - boost
    - DoubleConversion
    - fmt (~> 6.2.1)
    - glog
    - RCT-Folly/Default (= 2021.06.28.00-v2)
  - RCT-Folly/Default (2021.06.28.00-v2):
    - boost
    - DoubleConversion
    - fmt (~> 6.2.1)
    - glog
  - RCTRequired (0.69.9)
  - RCTTypeSafety (0.69.9):
    - FBLazyVector (= 0.69.9)
    - RCTRequired (= 0.69.9)
    - React-Core (= 0.69.9)
  - React (0.69.9):
    - React-Core (= 0.69.9)
    - React-Core/DevSupport (= 0.69.9)
    - React-Core/RCTWebSocket (= 0.69.9)
    - React-RCTActionSheet (= 0.69.9)
    - React-RCTAnimation (= 0.69.9)
    - React-RCTBlob (= 0.69.9)
    - React-RCTImage (= 0.69.9)
    - React-RCTLinking (= 0.69.9)
    - React-RCTNetwork (= 0.69.9)
    - React-RCTSettings (= 0.69.9)
    - React-RCTText (= 0.69.9)
    - React-RCTVibration (= 0.69.9)
  - React-bridging (0.69.9):
    - RCT-Folly (= 2021.06.28.00-v2)
    - React-jsi (= 0.69.9)
  - React-callinvoker (0.69.9)
  - React-Codegen (0.69.9):
    - FBReactNativeSpec (= 0.69.9)
    - RCT-Folly (= 2021.06.28.00-v2)
    - RCTRequired (= 0.69.9)
    - RCTTypeSafety (= 0.69.9)
    - React-Core (= 0.69.9)
    - React-jsi (= 0.69.9)
    - React-jsiexecutor (= 0.69.9)
    - ReactCommon/turbomodule/core (= 0.69.9)
  - React-Core (0.69.9):
    - glog
    - RCT-Folly (= 2021.06.28.00-v2)
    - React-Core/Default (= 0.69.9)
    - React-cxxreact (= 0.69.9)
    - React-jsi (= 0.69.9)
    - React-jsiexecutor (= 0.69.9)
    - React-perflogger (= 0.69.9)
    - Yoga
  - React-Core/CoreModulesHeaders (0.69.9):
    - glog
    - RCT-Folly (= 2021.06.28.00-v2)
    - React-Core/Default
    - React-cxxreact (= 0.69.9)
    - React-jsi (= 0.69.9)
    - React-jsiexecutor (= 0.69.9)
    - React-perflogger (= 0.69.9)
    - Yoga
  - React-Core/Default (0.69.9):
    - glog
    - RCT-Folly (= 2021.06.28.00-v2)
    - React-cxxreact (= 0.69.9)
    - React-jsi (= 0.69.9)
    - React-jsiexecutor (= 0.69.9)
    - React-perflogger (= 0.69.9)
    - Yoga
  - React-Core/DevSupport (0.69.9):
    - glog
    - RCT-Folly (= 2021.06.28.00-v2)
    - React-Core/Default (= 0.69.9)
    - React-Core/RCTWebSocket (= 0.69.9)
    - React-cxxreact (= 0.69.9)
    - React-jsi (= 0.69.9)
    - React-jsiexecutor (= 0.69.9)
    - React-jsinspector (= 0.69.9)
    - React-perflogger (= 0.69.9)
    - Yoga
  - React-Core/RCTActionSheetHeaders (0.69.9):
    - glog
    - RCT-Folly (= 2021.06.28.00-v2)
    - React-Core/Default
    - React-cxxreact (= 0.69.9)
    - React-jsi (= 0.69.9)
    - React-jsiexecutor (= 0.69.9)
    - React-perflogger (= 0.69.9)
    - Yoga
  - React-Core/RCTAnimationHeaders (0.69.9):
    - glog
    - RCT-Folly (= 2021.06.28.00-v2)
    - React-Core/Default
    - React-cxxreact (= 0.69.9)
    - React-jsi (= 0.69.9)
    - React-jsiexecutor (= 0.69.9)
    - React-perflogger (= 0.69.9)
    - Yoga
  - React-Core/RCTBlobHeaders (0.69.9):
    - glog
    - RCT-Folly (= 2021.06.28.00-v2)
    - React-Core/Default
    - React-cxxreact (= 0.69.9)
    - React-jsi (= 0.69.9)
    - React-jsiexecutor (= 0.69.9)
    - React-perflogger (= 0.69.9)
    - Yoga
  - React-Core/RCTImageHeaders (0.69.9):
    - glog
    - RCT-Folly (= 2021.06.28.00-v2)
    - React-Core/Default
    - React-cxxreact (= 0.69.9)
    - React-jsi (= 0.69.9)
    - React-jsiexecutor (= 0.69.9)
    - React-perflogger (= 0.69.9)
    - Yoga
  - React-Core/RCTLinkingHeaders (0.69.9):
    - glog
    - RCT-Folly (= 2021.06.28.00-v2)
    - React-Core/Default
    - React-cxxreact (= 0.69.9)
    - React-jsi (= 0.69.9)
    - React-jsiexecutor (= 0.69.9)
    - React-perflogger (= 0.69.9)
    - Yoga
  - React-Core/RCTNetworkHeaders (0.69.9):
    - glog
    - RCT-Folly (= 2021.06.28.00-v2)
    - React-Core/Default
    - React-cxxreact (= 0.69.9)
    - React-jsi (= 0.69.9)
    - React-jsiexecutor (= 0.69.9)
    - React-perflogger (= 0.69.9)
    - Yoga
  - React-Core/RCTSettingsHeaders (0.69.9):
    - glog
    - RCT-Folly (= 2021.06.28.00-v2)
    - React-Core/Default
    - React-cxxreact (= 0.69.9)
    - React-jsi (= 0.69.9)
    - React-jsiexecutor (= 0.69.9)
    - React-perflogger (= 0.69.9)
    - Yoga
  - React-Core/RCTTextHeaders (0.69.9):
    - glog
    - RCT-Folly (= 2021.06.28.00-v2)
    - React-Core/Default
    - React-cxxreact (= 0.69.9)
    - React-jsi (= 0.69.9)
    - React-jsiexecutor (= 0.69.9)
    - React-perflogger (= 0.69.9)
    - Yoga
  - React-Core/RCTVibrationHeaders (0.69.9):
    - glog
    - RCT-Folly (= 2021.06.28.00-v2)
    - React-Core/Default
    - React-cxxreact (= 0.69.9)
    - React-jsi (= 0.69.9)
    - React-jsiexecutor (= 0.69.9)
    - React-perflogger (= 0.69.9)
    - Yoga
  - React-Core/RCTWebSocket (0.69.9):
    - glog
    - RCT-Folly (= 2021.06.28.00-v2)
    - React-Core/Default (= 0.69.9)
    - React-cxxreact (= 0.69.9)
    - React-jsi (= 0.69.9)
    - React-jsiexecutor (= 0.69.9)
    - React-perflogger (= 0.69.9)
    - Yoga
  - React-CoreModules (0.69.9):
    - RCT-Folly (= 2021.06.28.00-v2)
    - RCTTypeSafety (= 0.69.9)
    - React-Codegen (= 0.69.9)
    - React-Core/CoreModulesHeaders (= 0.69.9)
    - React-jsi (= 0.69.9)
    - React-RCTImage (= 0.69.9)
    - ReactCommon/turbomodule/core (= 0.69.9)
  - React-cxxreact (0.69.9):
    - boost (= 1.76.0)
    - DoubleConversion
    - glog
    - RCT-Folly (= 2021.06.28.00-v2)
    - React-callinvoker (= 0.69.9)
    - React-jsi (= 0.69.9)
    - React-jsinspector (= 0.69.9)
    - React-logger (= 0.69.9)
    - React-perflogger (= 0.69.9)
    - React-runtimeexecutor (= 0.69.9)
  - React-jsi (0.69.9):
    - boost (= 1.76.0)
    - DoubleConversion
    - glog
    - RCT-Folly (= 2021.06.28.00-v2)
    - React-jsi/Default (= 0.69.9)
  - React-jsi/Default (0.69.9):
    - boost (= 1.76.0)
    - DoubleConversion
    - glog
    - RCT-Folly (= 2021.06.28.00-v2)
  - React-jsiexecutor (0.69.9):
    - DoubleConversion
    - glog
    - RCT-Folly (= 2021.06.28.00-v2)
    - React-cxxreact (= 0.69.9)
    - React-jsi (= 0.69.9)
    - React-perflogger (= 0.69.9)
  - React-jsinspector (0.69.9)
  - React-logger (0.69.9):
    - glog
  - react-native-blob-util (0.19.11):
    - React-Core
  - react-native-blur (4.3.2):
    - React-Core
  - react-native-color-matrix-image-filters (6.0.7):
    - React-Core
  - react-native-get-random-values (1.8.0):
    - React-Core
  - react-native-pdf (6.7.1):
    - React-Core
  - react-native-randombytes (3.6.1):
    - React-Core
  - react-native-restart (0.0.24):
    - React-Core
  - react-native-safe-area-context (4.3.1):
    - RCT-Folly
    - RCTRequired
    - RCTTypeSafety
    - React
    - ReactCommon/turbomodule/core
  - react-native-version-check (3.4.7):
    - React-Core
  - react-native-video (5.2.1):
    - React-Core
    - react-native-video/Video (= 5.2.1)
  - react-native-video/Video (5.2.1):
    - React-Core
  - react-native-webview (11.23.0):
    - React-Core
  - React-perflogger (0.69.9)
  - React-RCTActionSheet (0.69.9):
    - React-Core/RCTActionSheetHeaders (= 0.69.9)
  - React-RCTAnimation (0.69.9):
    - RCT-Folly (= 2021.06.28.00-v2)
    - RCTTypeSafety (= 0.69.9)
    - React-Codegen (= 0.69.9)
    - React-Core/RCTAnimationHeaders (= 0.69.9)
    - React-jsi (= 0.69.9)
    - ReactCommon/turbomodule/core (= 0.69.9)
  - React-RCTBlob (0.69.9):
    - RCT-Folly (= 2021.06.28.00-v2)
    - React-Codegen (= 0.69.9)
    - React-Core/RCTBlobHeaders (= 0.69.9)
    - React-Core/RCTWebSocket (= 0.69.9)
    - React-jsi (= 0.69.9)
    - React-RCTNetwork (= 0.69.9)
    - ReactCommon/turbomodule/core (= 0.69.9)
  - React-RCTImage (0.69.9):
    - RCT-Folly (= 2021.06.28.00-v2)
    - RCTTypeSafety (= 0.69.9)
    - React-Codegen (= 0.69.9)
    - React-Core/RCTImageHeaders (= 0.69.9)
    - React-jsi (= 0.69.9)
    - React-RCTNetwork (= 0.69.9)
    - ReactCommon/turbomodule/core (= 0.69.9)
  - React-RCTLinking (0.69.9):
    - React-Codegen (= 0.69.9)
    - React-Core/RCTLinkingHeaders (= 0.69.9)
    - React-jsi (= 0.69.9)
    - ReactCommon/turbomodule/core (= 0.69.9)
  - React-RCTNetwork (0.69.9):
    - RCT-Folly (= 2021.06.28.00-v2)
    - RCTTypeSafety (= 0.69.9)
    - React-Codegen (= 0.69.9)
    - React-Core/RCTNetworkHeaders (= 0.69.9)
    - React-jsi (= 0.69.9)
    - ReactCommon/turbomodule/core (= 0.69.9)
  - React-RCTSettings (0.69.9):
    - RCT-Folly (= 2021.06.28.00-v2)
    - RCTTypeSafety (= 0.69.9)
    - React-Codegen (= 0.69.9)
    - React-Core/RCTSettingsHeaders (= 0.69.9)
    - React-jsi (= 0.69.9)
    - ReactCommon/turbomodule/core (= 0.69.9)
  - React-RCTText (0.69.9):
    - React-Core/RCTTextHeaders (= 0.69.9)
  - React-RCTVibration (0.69.9):
    - RCT-Folly (= 2021.06.28.00-v2)
    - React-Codegen (= 0.69.9)
    - React-Core/RCTVibrationHeaders (= 0.69.9)
    - React-jsi (= 0.69.9)
    - ReactCommon/turbomodule/core (= 0.69.9)
  - React-runtimeexecutor (0.69.9):
    - React-jsi (= 0.69.9)
  - ReactCommon (0.69.9):
    - React-logger (= 0.69.9)
    - ReactCommon/react_debug_core (= 0.69.9)
    - ReactCommon/turbomodule (= 0.69.9)
  - ReactCommon/react_debug_core (0.69.9):
    - React-logger (= 0.69.9)
  - ReactCommon/turbomodule (0.69.9):
    - DoubleConversion
    - glog
    - RCT-Folly (= 2021.06.28.00-v2)
    - React-bridging (= 0.69.9)
    - React-callinvoker (= 0.69.9)
    - React-Core (= 0.69.9)
    - React-cxxreact (= 0.69.9)
    - React-jsi (= 0.69.9)
    - React-logger (= 0.69.9)
    - React-perflogger (= 0.69.9)
    - ReactCommon/turbomodule/core (= 0.69.9)
    - ReactCommon/turbomodule/samples (= 0.69.9)
  - ReactCommon/turbomodule/core (0.69.9):
    - DoubleConversion
    - glog
    - RCT-Folly (= 2021.06.28.00-v2)
    - React-bridging (= 0.69.9)
    - React-callinvoker (= 0.69.9)
    - React-Core (= 0.69.9)
    - React-cxxreact (= 0.69.9)
    - React-jsi (= 0.69.9)
    - React-logger (= 0.69.9)
    - React-perflogger (= 0.69.9)
  - ReactCommon/turbomodule/samples (0.69.9):
    - DoubleConversion
    - glog
    - RCT-Folly (= 2021.06.28.00-v2)
    - React-bridging (= 0.69.9)
    - React-callinvoker (= 0.69.9)
    - React-Core (= 0.69.9)
    - React-cxxreact (= 0.69.9)
    - React-jsi (= 0.69.9)
    - React-logger (= 0.69.9)
    - React-perflogger (= 0.69.9)
    - ReactCommon/turbomodule/core (= 0.69.9)
  - RNCAsyncStorage (1.17.12):
    - React-Core
  - RNCClipboard (1.11.2):
    - React-Core
  - RNCPicker (1.8.1):
    - React-Core
  - RNDeviceInfo (11.1.0):
    - React-Core
  - RNFS (2.20.0):
    - React-Core
  - RNGestureHandler (2.5.0):
    - React-Core
  - RNOS (1.2.6):
    - React
  - RNPermissions (5.1.0):
    - React-Core
  - RNReanimated (2.9.1):
    - DoubleConversion
    - FBLazyVector
    - FBReactNativeSpec
    - glog
    - RCT-Folly
    - RCTRequired
    - RCTTypeSafety
    - React-callinvoker
    - React-Core
    - React-Core/DevSupport
    - React-Core/RCTWebSocket
    - React-CoreModules
    - React-cxxreact
    - React-jsi
    - React-jsiexecutor
    - React-jsinspector
    - React-RCTActionSheet
    - React-RCTAnimation
    - React-RCTBlob
    - React-RCTImage
    - React-RCTLinking
    - React-RCTNetwork
    - React-RCTSettings
    - React-RCTText
    - ReactCommon/turbomodule/core
    - Yoga
  - RNScreens (3.15.0):
    - React-Core
    - React-RCTImage
  - RNSVG (12.3.0):
    - React-Core
  - UMAppLoader (3.1.0)
  - Yoga (1.14.0)
  - ZXingObjC/Core (3.6.9)
  - ZXingObjC/OneD (3.6.9):
    - ZXingObjC/Core
  - ZXingObjC/PDF417 (3.6.9):
    - ZXingObjC/Core

DEPENDENCIES:
  - boost (from `./boost-src/boost_1_76_0/`)
  - DoubleConversion (from `../node_modules/react-native/third-party-podspecs/DoubleConversion.podspec`)
  - EXApplication (from `../node_modules/expo-application/ios`)
  - EXAV (from `../node_modules/expo-av/ios`)
  - EXBackgroundFetch (from `../node_modules/expo-background-fetch/ios`)
  - EXBarCodeScanner (from `../node_modules/expo-barcode-scanner/ios`)
  - EXCamera (from `../node_modules/expo-camera/ios`)
  - EXConstants (from `../node_modules/expo-constants/ios`)
  - EXDocumentPicker (from `../node_modules/expo-document-picker/ios`)
  - EXErrorRecovery (from `../node_modules/expo-error-recovery/ios`)
  - EXFileSystem (from `../node_modules/expo-file-system/ios`)
  - EXFont (from `../node_modules/expo-font/ios`)
  - EXImageLoader (from `../node_modules/expo-image-loader/ios`)
  - EXLocalAuthentication (from `../node_modules/expo-local-authentication/ios`)
  - EXNotifications (from `../node_modules/expo-notifications/ios`)
  - EXPermissions (from `../node_modules/expo-permissions/ios`)
  - Expo (from `../node_modules/expo`)
  - ExpoClipboard (from `../node_modules/expo-clipboard/ios`)
  - ExpoKeepAwake (from `../node_modules/expo-keep-awake/ios`)
  - ExpoLinearGradient (from `../node_modules/expo-linear-gradient/ios`)
  - ExpoLocalization (from `../node_modules/expo-localization/ios`)
  - ExpoModulesCore (from `../node_modules/expo-modules-core/ios`)
  - ExpoWebBrowser (from `../node_modules/expo-web-browser/ios`)
  - EXSecureStore (from `../node_modules/expo-secure-store/ios`)
  - EXSharing (from `../node_modules/expo-sharing/ios`)
  - EXSplashScreen (from `../node_modules/expo-splash-screen/ios`)
  - EXTaskManager (from `../node_modules/expo-task-manager/ios`)
  - FBLazyVector (from `../node_modules/react-native/Libraries/FBLazyVector`)
  - FBReactNativeSpec (from `../node_modules/react-native/React/FBReactNativeSpec`)
  - glog (from `../node_modules/react-native/third-party-podspecs/glog.podspec`)
  - lottie-ios (from `../node_modules/lottie-ios`)
  - lottie-react-native (from `../node_modules/lottie-react-native`)
  - RCT-Folly (from `../node_modules/react-native/third-party-podspecs/RCT-Folly.podspec`)
  - RCTRequired (from `../node_modules/react-native/Libraries/RCTRequired`)
  - RCTTypeSafety (from `../node_modules/react-native/Libraries/TypeSafety`)
  - React (from `../node_modules/react-native/`)
  - React-bridging (from `../node_modules/react-native/ReactCommon`)
  - React-callinvoker (from `../node_modules/react-native/ReactCommon/callinvoker`)
  - React-Codegen (from `build/generated/ios`)
  - React-Core (from `../node_modules/react-native/`)
  - React-Core/RCTWebSocket (from `../node_modules/react-native/`)
  - React-CoreModules (from `../node_modules/react-native/React/CoreModules`)
  - React-cxxreact (from `../node_modules/react-native/ReactCommon/cxxreact`)
  - React-jsi (from `../node_modules/react-native/ReactCommon/jsi`)
  - React-jsiexecutor (from `../node_modules/react-native/ReactCommon/jsiexecutor`)
  - React-jsinspector (from `../node_modules/react-native/ReactCommon/jsinspector`)
  - React-logger (from `../node_modules/react-native/ReactCommon/logger`)
  - react-native-blob-util (from `../node_modules/react-native-blob-util`)
  - "react-native-blur (from `../node_modules/@react-native-community/blur`)"
  - react-native-color-matrix-image-filters (from `../node_modules/react-native-color-matrix-image-filters`)
  - react-native-get-random-values (from `../node_modules/react-native-get-random-values`)
  - react-native-pdf (from `../node_modules/react-native-pdf`)
  - react-native-randombytes (from `../node_modules/react-native-randombytes`)
  - react-native-restart (from `../node_modules/react-native-restart`)
  - react-native-safe-area-context (from `../node_modules/react-native-safe-area-context`)
  - react-native-version-check (from `../node_modules/react-native-version-check`)
  - react-native-video (from `../node_modules/react-native-video`)
  - react-native-webview (from `../node_modules/react-native-webview`)
  - React-perflogger (from `../node_modules/react-native/ReactCommon/reactperflogger`)
  - React-RCTActionSheet (from `../node_modules/react-native/Libraries/ActionSheetIOS`)
  - React-RCTAnimation (from `../node_modules/react-native/Libraries/NativeAnimation`)
  - React-RCTBlob (from `../node_modules/react-native/Libraries/Blob`)
  - React-RCTImage (from `../node_modules/react-native/Libraries/Image`)
  - React-RCTLinking (from `../node_modules/react-native/Libraries/LinkingIOS`)
  - React-RCTNetwork (from `../node_modules/react-native/Libraries/Network`)
  - React-RCTSettings (from `../node_modules/react-native/Libraries/Settings`)
  - React-RCTText (from `../node_modules/react-native/Libraries/Text`)
  - React-RCTVibration (from `../node_modules/react-native/Libraries/Vibration`)
  - React-runtimeexecutor (from `../node_modules/react-native/ReactCommon/runtimeexecutor`)
  - ReactCommon/turbomodule/core (from `../node_modules/react-native/ReactCommon`)
  - "RNCAsyncStorage (from `../node_modules/@react-native-async-storage/async-storage`)"
  - "RNCClipboard (from `../node_modules/@react-native-clipboard/clipboard`)"
  - "RNCPicker (from `../node_modules/@react-native-community/picker`)"
  - RNDeviceInfo (from `../node_modules/react-native-device-info`)
  - RNFS (from `../node_modules/react-native-fs`)
  - RNGestureHandler (from `../node_modules/react-native-gesture-handler`)
  - RNOS (from `../node_modules/react-native-os`)
  - RNPermissions (from `../node_modules/react-native-permissions`)
  - RNReanimated (from `../node_modules/react-native-reanimated`)
  - RNScreens (from `../node_modules/react-native-screens`)
  - RNSVG (from `../node_modules/react-native-svg`)
  - UMAppLoader (from `../node_modules/unimodules-app-loader/ios`)
  - Yoga (from `../node_modules/react-native/ReactCommon/yoga`)

SPEC REPOS:
  trunk:
    - fmt
    - ZXingObjC

EXTERNAL SOURCES:
  boost:
    :path: "./boost-src/boost_1_76_0/"
  DoubleConversion:
    :podspec: "../node_modules/react-native/third-party-podspecs/DoubleConversion.podspec"
  EXApplication:
    :path: "../node_modules/expo-application/ios"
  EXAV:
    :path: "../node_modules/expo-av/ios"
  EXBackgroundFetch:
    :path: "../node_modules/expo-background-fetch/ios"
  EXBarCodeScanner:
    :path: "../node_modules/expo-barcode-scanner/ios"
  EXCamera:
    :path: "../node_modules/expo-camera/ios"
  EXConstants:
    :path: "../node_modules/expo-constants/ios"
  EXDocumentPicker:
    :path: "../node_modules/expo-document-picker/ios"
  EXErrorRecovery:
    :path: "../node_modules/expo-error-recovery/ios"
  EXFileSystem:
    :path: "../node_modules/expo-file-system/ios"
  EXFont:
    :path: "../node_modules/expo-font/ios"
  EXImageLoader:
    :path: "../node_modules/expo-image-loader/ios"
  EXLocalAuthentication:
    :path: "../node_modules/expo-local-authentication/ios"
  EXNotifications:
    :path: "../node_modules/expo-notifications/ios"
  EXPermissions:
    :path: "../node_modules/expo-permissions/ios"
  Expo:
    :path: "../node_modules/expo"
  ExpoClipboard:
    :path: "../node_modules/expo-clipboard/ios"
  ExpoKeepAwake:
    :path: "../node_modules/expo-keep-awake/ios"
  ExpoLinearGradient:
    :path: "../node_modules/expo-linear-gradient/ios"
  ExpoLocalization:
    :path: "../node_modules/expo-localization/ios"
  ExpoModulesCore:
    :path: "../node_modules/expo-modules-core/ios"
  ExpoWebBrowser:
    :path: "../node_modules/expo-web-browser/ios"
  EXSecureStore:
    :path: "../node_modules/expo-secure-store/ios"
  EXSharing:
    :path: "../node_modules/expo-sharing/ios"
  EXSplashScreen:
    :path: "../node_modules/expo-splash-screen/ios"
  EXTaskManager:
    :path: "../node_modules/expo-task-manager/ios"
  FBLazyVector:
    :path: "../node_modules/react-native/Libraries/FBLazyVector"
  FBReactNativeSpec:
    :path: "../node_modules/react-native/React/FBReactNativeSpec"
  glog:
    :podspec: "../node_modules/react-native/third-party-podspecs/glog.podspec"
  lottie-ios:
    :path: "../node_modules/lottie-ios"
  lottie-react-native:
    :path: "../node_modules/lottie-react-native"
  RCT-Folly:
    :podspec: "../node_modules/react-native/third-party-podspecs/RCT-Folly.podspec"
  RCTRequired:
    :path: "../node_modules/react-native/Libraries/RCTRequired"
  RCTTypeSafety:
    :path: "../node_modules/react-native/Libraries/TypeSafety"
  React:
    :path: "../node_modules/react-native/"
  React-bridging:
    :path: "../node_modules/react-native/ReactCommon"
  React-callinvoker:
    :path: "../node_modules/react-native/ReactCommon/callinvoker"
  React-Codegen:
    :path: build/generated/ios
  React-Core:
    :path: "../node_modules/react-native/"
  React-CoreModules:
    :path: "../node_modules/react-native/React/CoreModules"
  React-cxxreact:
    :path: "../node_modules/react-native/ReactCommon/cxxreact"
  React-jsi:
    :path: "../node_modules/react-native/ReactCommon/jsi"
  React-jsiexecutor:
    :path: "../node_modules/react-native/ReactCommon/jsiexecutor"
  React-jsinspector:
    :path: "../node_modules/react-native/ReactCommon/jsinspector"
  React-logger:
    :path: "../node_modules/react-native/ReactCommon/logger"
  react-native-blob-util:
    :path: "../node_modules/react-native-blob-util"
  react-native-blur:
    :path: "../node_modules/@react-native-community/blur"
  react-native-color-matrix-image-filters:
    :path: "../node_modules/react-native-color-matrix-image-filters"
  react-native-get-random-values:
    :path: "../node_modules/react-native-get-random-values"
  react-native-pdf:
    :path: "../node_modules/react-native-pdf"
  react-native-randombytes:
    :path: "../node_modules/react-native-randombytes"
  react-native-restart:
    :path: "../node_modules/react-native-restart"
  react-native-safe-area-context:
    :path: "../node_modules/react-native-safe-area-context"
  react-native-version-check:
    :path: "../node_modules/react-native-version-check"
  react-native-video:
    :path: "../node_modules/react-native-video"
  react-native-webview:
    :path: "../node_modules/react-native-webview"
  React-perflogger:
    :path: "../node_modules/react-native/ReactCommon/reactperflogger"
  React-RCTActionSheet:
    :path: "../node_modules/react-native/Libraries/ActionSheetIOS"
  React-RCTAnimation:
    :path: "../node_modules/react-native/Libraries/NativeAnimation"
  React-RCTBlob:
    :path: "../node_modules/react-native/Libraries/Blob"
  React-RCTImage:
    :path: "../node_modules/react-native/Libraries/Image"
  React-RCTLinking:
    :path: "../node_modules/react-native/Libraries/LinkingIOS"
  React-RCTNetwork:
    :path: "../node_modules/react-native/Libraries/Network"
  React-RCTSettings:
    :path: "../node_modules/react-native/Libraries/Settings"
  React-RCTText:
    :path: "../node_modules/react-native/Libraries/Text"
  React-RCTVibration:
    :path: "../node_modules/react-native/Libraries/Vibration"
  React-runtimeexecutor:
    :path: "../node_modules/react-native/ReactCommon/runtimeexecutor"
  ReactCommon:
    :path: "../node_modules/react-native/ReactCommon"
  RNCAsyncStorage:
    :path: "../node_modules/@react-native-async-storage/async-storage"
  RNCClipboard:
    :path: "../node_modules/@react-native-clipboard/clipboard"
  RNCPicker:
    :path: "../node_modules/@react-native-community/picker"
  RNDeviceInfo:
    :path: "../node_modules/react-native-device-info"
  RNFS:
    :path: "../node_modules/react-native-fs"
  RNGestureHandler:
    :path: "../node_modules/react-native-gesture-handler"
  RNOS:
    :path: "../node_modules/react-native-os"
  RNPermissions:
    :path: "../node_modules/react-native-permissions"
  RNReanimated:
    :path: "../node_modules/react-native-reanimated"
  RNScreens:
    :path: "../node_modules/react-native-screens"
  RNSVG:
    :path: "../node_modules/react-native-svg"
  UMAppLoader:
    :path: "../node_modules/unimodules-app-loader/ios"
  Yoga:
    :path: "../node_modules/react-native/ReactCommon/yoga"

SPEC CHECKSUMS:
  boost: 2eae06f5c94f82865033b3d6bd8647abf179a989
  DoubleConversion: 5189b271737e1565bdce30deb4a08d647e3f5f54
  EXApplication: 4a1c5c1fb9f34535fad77a685b403dfc1cc7d9c1
  EXAV: 14f87c6c17e32c7ba97ac34c44905972c2606cae
  EXBackgroundFetch: d74a9557bd574ee5405f2031527515407d40fd9e
  EXBarCodeScanner: 038f64104a78af684c7c38967aa8ae987a319ff7
  EXCamera: 35b7c00bb3ad4513c9b8f7fae5686b721713172b
  EXConstants: ae4d3f303c655a6120b4aff07e46dab8c27562e9
  EXDocumentPicker: cc532507ff5e8e7af00bb5be6ae183ba7031fc5f
  EXErrorRecovery: 27d876ef121ced3295e91ea7722d3682744f4386
  EXFileSystem: 18014a3201470bdec46e02447f8d43db7cf3d224
  EXFont: e7314cef5a25a50c3957b4a2d94cdfeabb849f8d
  EXImageLoader: 502667377b5260b2a9c650a2f329b186c46c9b02
  EXLocalAuthentication: 9e572d3dcb36f4d0f8719c3901bde40f4d70b8d8
  EXNotifications: fd552cbd14157af342cca498635c19124bb0b0c5
  EXPermissions: 503f040813adb6b16ee8844fac34873dbbe2b6a3
  Expo: ff3da425b541a39581eb73721a9e773f825dcf1b
  ExpoClipboard: 15e9e2e18cfab567ac51269b6f45f0d6acc76184
  ExpoKeepAwake: 4888cd8888beef5a474bcded9985311fe50f6bd1
  ExpoLinearGradient: 05ecaa830d1f1fc95a06d583ebee1461ff596dd2
  ExpoLocalization: b00d0596dfd56cc76bb73db00393cad7264408b4
  ExpoModulesCore: 137aa0c45ba2136bdae28937189a8ad725c9b43d
  ExpoWebBrowser: 5b018c2aea1934bfc82914915fbe9f0cdc35127b
  EXSecureStore: 221dbc1ed47f7297adc01e215583ff4432e5eac8
  EXSharing: 02486e351adba9227d0ee3bb3ccd1dc453d29b2b
  EXSplashScreen: be364303b208e8579aecaab39a854c0976b46cb7
  EXTaskManager: 78f022c28d49d2637802620e5e3b18ef470fa39f
  FBLazyVector: d3c1d2923b1009f4e709e8f1b793dedf5b323454
  FBReactNativeSpec: d460df7d796ed4979c6cd4e092145b63eb28b5bb
  fmt: ff9d55029c625d3757ed641535fd4a75fedc7ce9
  glog: 3d02b25ca00c2d456734d0bcff864cbc62f6ae1a
  lottie-ios: c058aeafa76daa4cf64d773554bccc8385d0150e
  lottie-react-native: 1e1233e7e9df75008498733123c1de4d1227a778
  RCT-Folly: ba26c9ca44b1fb56915c3efd9ce618472addc544
  RCTRequired: fe80e9f71dd15939e5399dd94d0aa0e5e069d592
  RCTTypeSafety: 4c802f7c4b9e7c55470e7fc56d50385cbfcce89b
  React: efe0b6d0b7401a208d2d1bf8320c0b6a0dcd593b
  React-bridging: 11a324da43d8467cfe528ccff0e00ab43bdf1cf4
  React-callinvoker: d4d34002df449053784f1131a6382e526d172395
  React-Codegen: 63eb91553568558cbd6fb2f336c3ff2fea66b37a
  React-Core: 9ddf6ce498a84ce0d0c45950a552f594adf331cb
  React-CoreModules: 8b6665f9b128b875660d75a7144122c742ad4af9
  React-cxxreact: bcc953d0a5456e0f147aafa8ae5d6eb3c18dfbde
  React-jsi: 9da03b046fe346b9e2aefdd9f92c03fcf6573dac
  React-jsiexecutor: 06dba9cd8105d5b58d935946d8b452cef1dee34f
  React-jsinspector: 5b92a5a30e02e1a21802f293cc71e05d887c7378
  React-logger: 52038e064f4ec6897bd820f3bdcc09d2d7aa40bb
  react-native-blob-util: f7234c91ad0e3faeee51b3edee80b61553f74993
  react-native-blur: c91c10c67be1f096415e63925640baa59e2132d2
  react-native-color-matrix-image-filters: fa3b0553cd8944297b20b5bd9a7ebc67e6cbe7e7
  react-native-get-random-values: 0fd2b6a3129988d701d10e30f0622d5f039531bc
  react-native-pdf: b0380c1ad48f30943665cd783c4c305e341c0822
  react-native-randombytes: 3c8f3e89d12487fd03a2f966c288d495415fc116
  react-native-restart: df7caae89026a8ab2ecdd82839978f657701f51d
  react-native-safe-area-context: 3147a84d005125c9b38b59a32807db4bb28115b0
  react-native-version-check: c7b4269cd18781b51009fa4b5a8ad9ab5131ce6f
  react-native-video: 2aad0d963bf3952bd9ebb2f53fab799338e8e202
  react-native-webview: 5c84c9e56ab8cdfc211da7d59fa038a9ceed9738
  React-perflogger: f6f4b3c63629ead2e8a5a22eaedd06368c31617a
  React-RCTActionSheet: 5e95058e99c53313d778d96b7f37697ce3a9418e
  React-RCTAnimation: c4f86d756d8398c674f61d00075993a368d83480
  React-RCTBlob: c74cb1350831866b3b23c2379ccc3a5909593bc5
  React-RCTImage: cc72e4092e08c7070d1dce7704fbdcdfc9e0a721
  React-RCTLinking: dca79b9df468980462a399a630156f5a5fc0b5bc
  React-RCTNetwork: 0dfb918fd237b6fa4e3820769c57a6a0ad61f934
  React-RCTSettings: a9fb6736139ddf8e7d11842c8a948c47c1ae603d
  React-RCTText: 87456d45e8bcc0c831b7c7fcfcfd860a54f54a79
  React-RCTVibration: ea899478e6f10ee526f476f769ab33211be2addd
  React-runtimeexecutor: df1518d092e8c74cafddc56690d1ac386ec24d7a
  ReactCommon: 0269321cb72a5979555d06490697270757aca921
  RNCAsyncStorage: 8b77ee488cbf644ac2335dbcd5fafd25d280ea13
  RNCClipboard: efe1b27ad1ea378c60c8c8aabfd130961bbeb474
  RNCPicker: bb2d03951d533637125ad0c10d40fbedb25d488f
  RNDeviceInfo: 900bd20e1fd3bfd894e7384cc4a83880c0341bd3
  RNFS: 89de7d7f4c0f6bafa05343c578f61118c8282ed8
  RNGestureHandler: 0bfff8f10b0710e37b355b458b92143cd0414064
  RNOS: d07e5090b5060c6f2b83116d740a32cfdb33afe3
  RNPermissions: 9f7951b0b010252c629a49bb4ef77cbe1768ce1c
  RNReanimated: 5c80fa36e57c4c72cc4b56bc14f4ede4af8359b6
  RNScreens: 3c581ebc42ad074c9be97825081d1ad9a004dd2d
  RNSVG: d4a5ecffcb2c1094082455e7f39c90eebe50a200
  UMAppLoader: 6185e8c45922f187002b85afae097961c4781df4
  Yoga: 7a4d48cfb35dfa542151e615fa73c1a0d88caf21
  ZXingObjC: 8898711ab495761b2dbbdec76d90164a6d7e14c5

PODFILE CHECKSUM: 5d6c09ecfe859f7bbc69584add28ab7ebbd589e3

COCOAPODS: 1.16.2
